
Microsoft Visual Studio Solution File, Format Version 12.00
# Visual Studio Version 17
VisualStudioVersion = 17.7.34202.233
MinimumVisualStudioVersion = 10.0.40219.1
Project("{FAE04EC0-301F-11D3-BF4B-00C04F79EFBC}") = "TaskReplay", "TaskReplay\TaskReplay.csproj", "{A20AAA32-918C-4B50-B953-581864E197E7}"
EndProject
Global
	GlobalSection(SolutionConfigurationPlatforms) = preSolution
		Debug|Any CPU = Debug|Any CPU
		Release|Any CPU = Release|Any CPU
	EndGlobalSection
	GlobalSection(ProjectConfigurationPlatforms) = postSolution
		{A20AAA32-918C-4B50-B953-581864E197E7}.Debug|Any CPU.ActiveCfg = Debug|Any CPU
		{A20AAA32-918C-4B50-B953-581864E197E7}.Debug|Any CPU.Build.0 = Debug|Any CPU
		{A20AAA32-918C-4B50-B953-581864E197E7}.Release|Any CPU.ActiveCfg = Release|Any CPU
		{A20AAA32-918C-4B50-B953-581864E197E7}.Release|Any CPU.Build.0 = Release|Any CPU
	EndGlobalSection
	GlobalSection(SolutionProperties) = preSolution
		HideSolutionNode = FALSE
	EndGlobalSection
	GlobalSection(ExtensibilityGlobals) = postSolution
		SolutionGuid = {7CEFBBFE-6866-4EB8-9071-9E936289FD11}
	EndGlobalSection
EndGlobal
